
Microsoft Visual Studio Solution File, Format Version 12.00
# Visual Studio Version 17
VisualStudioVersion = 17.5.33516.290
MinimumVisualStudioVersion = 10.0.40219.1
Project("{FAE04EC0-301F-11D3-BF4B-00C04F79EFBC}") = "Figure", "Figure\Figure.csproj", "{AAF3E897-4D97-44BE-A5E7-36B79B0D2109}"
EndProject
Project("{FAE04EC0-301F-11D3-BF4B-00C04F79EFBC}") = "Figure.Tests", "Figure.Tests\Figure.Tests.csproj", "{27438166-4898-4DD3-9F0C-D93BB580BCDD}"
EndProject
Global
	GlobalSection(SolutionConfigurationPlatforms) = preSolution
		Debug|Any CPU = Debug|Any CPU
		Release|Any CPU = Release|Any CPU
	EndGlobalSection
	GlobalSection(ProjectConfigurationPlatforms) = postSolution
		{AAF3E897-4D97-44BE-A5E7-36B79B0D2109}.Debug|Any CPU.ActiveCfg = Debug|Any CPU
		{AAF3E897-4D97-44BE-A5E7-36B79B0D2109}.Debug|Any CPU.Build.0 = Debug|Any CPU
		{AAF3E897-4D97-44BE-A5E7-36B79B0D2109}.Release|Any CPU.ActiveCfg = Release|Any CPU
		{AAF3E897-4D97-44BE-A5E7-36B79B0D2109}.Release|Any CPU.Build.0 = Release|Any CPU
		{27438166-4898-4DD3-9F0C-D93BB580BCDD}.Debug|Any CPU.ActiveCfg = Debug|Any CPU
		{27438166-4898-4DD3-9F0C-D93BB580BCDD}.Debug|Any CPU.Build.0 = Debug|Any CPU
		{27438166-4898-4DD3-9F0C-D93BB580BCDD}.Release|Any CPU.ActiveCfg = Release|Any CPU
		{27438166-4898-4DD3-9F0C-D93BB580BCDD}.Release|Any CPU.Build.0 = Release|Any CPU
	EndGlobalSection
	GlobalSection(SolutionProperties) = preSolution
		HideSolutionNode = FALSE
	EndGlobalSection
	GlobalSection(ExtensibilityGlobals) = postSolution
		SolutionGuid = {3A00539C-998C-4A37-86FD-845E56EFBF57}
	EndGlobalSection
EndGlobal
